{
  "name": "do-re-midi",
  "lockfileVersion": 2,
  "requires": true,
  "packages": {
    "": {
      "dependencies": {
        "midi-writer-js": "^3.1.1"
      }
    },
    "node_modules/@tonaljs/core": {
      "version": "5.0.0",
      "resolved": "https://registry.npmjs.org/@tonaljs/core/-/core-5.0.0.tgz",
      "integrity": "sha512-vifjXX+xKidK+q1xGgcfGX79HtIMydXp1NrdGG5VshYHC3TRpVNti4HJDb/6qOjokQp9as/iOCyaAmcWIq0ZUA==",
      "dependencies": {
        "@tonaljs/pitch": "5.0.2",
        "@tonaljs/pitch-distance": "5.0.3",
        "@tonaljs/pitch-interval": "6.0.0",
        "@tonaljs/pitch-note": "6.0.0"
      }
    },
    "node_modules/@tonaljs/midi": {
      "version": "4.9.3",
      "resolved": "https://registry.npmjs.org/@tonaljs/midi/-/midi-4.9.3.tgz",
      "integrity": "sha512-sz6XrX6qoYSW3yDpR0K5JhYpsvlzrIJYFfRiOdf4kmnTPAewYyg7f8nLRMl502lBNCt80Bktx4mDHXaL6tWVKw==",
      "dependencies": {
        "@tonaljs/core": "5.0.0"
      }
    },
    "node_modules/@tonaljs/pitch": {
      "version": "5.0.2",
      "resolved": "https://registry.npmjs.org/@tonaljs/pitch/-/pitch-5.0.2.tgz",
      "integrity": "sha512-mxaXJPPe+LIJdjzpZEl8I8Wx3dEvlzkBbsr2Ltwc2dTAdnErAZ5R0TxVq2egF27lMvQN2QPQPWI9iDPPdVUmrg=="
    },
    "node_modules/@tonaljs/pitch-distance": {
      "version": "5.0.3",
      "resolved": "https://registry.npmjs.org/@tonaljs/pitch-distance/-/pitch-distance-5.0.3.tgz",
      "integrity": "sha512-3sgU93gfNsMX1wAYXraYJyIJMIViXZRE1Fh/OXwbUi6lEX/iLRmFVSz37ObnaRaOz0pVm+uUhvW2iKy8QtOWpw==",
      "dependencies": {
        "@tonaljs/pitch": "5.0.2",
        "@tonaljs/pitch-interval": "6.0.0",
        "@tonaljs/pitch-note": "6.0.0"
      }
    },
    "node_modules/@tonaljs/pitch-interval": {
      "version": "6.0.0",
      "resolved": "https://registry.npmjs.org/@tonaljs/pitch-interval/-/pitch-interval-6.0.0.tgz",
      "integrity": "sha512-0iaFWbgshYWjfmdxzF8jNmTqsNK2krwn+FqDRZb8vEsfaSNC8Jek0f5wYcE2to+7f0P5jJlJnj8CUGvlfKIT5A==",
      "dependencies": {
        "@tonaljs/pitch": "5.0.2"
      }
    },
    "node_modules/@tonaljs/pitch-note": {
      "version": "6.0.0",
      "resolved": "https://registry.npmjs.org/@tonaljs/pitch-note/-/pitch-note-6.0.0.tgz",
      "integrity": "sha512-m4Ei7zwSsKwotVfnodA7m1SR7zD5NNIea+V7Mo35EcK32ZJBg+SvxdwgfNNdLO8bkDbVrZIgVYqeP3R3Jq7VFQ==",
      "dependencies": {
        "@tonaljs/pitch": "5.0.2"
      }
    },
    "node_modules/midi-writer-js": {
      "version": "3.1.1",
      "resolved": "https://registry.npmjs.org/midi-writer-js/-/midi-writer-js-3.1.1.tgz",
      "integrity": "sha512-ruRzUWtmcvD7xQcrKRk9fH+1BELv8x07QJxhpM4PS5n6+MOyPb39ifxTV/oI1hHPgKMSuhnhWw2MaGWUAvH9DA==",
      "hasInstallScript": true,
      "dependencies": {
        "@tonaljs/midi": "^4.9.0"
      }
    }
  },
  "dependencies": {
    "@tonaljs/core": {
      "version": "5.0.0",
      "resolved": "https://registry.npmjs.org/@tonaljs/core/-/core-5.0.0.tgz",
      "integrity": "sha512-vifjXX+xKidK+q1xGgcfGX79HtIMydXp1NrdGG5VshYHC3TRpVNti4HJDb/6qOjokQp9as/iOCyaAmcWIq0ZUA==",
      "requires": {
        "@tonaljs/pitch": "5.0.2",
        "@tonaljs/pitch-distance": "5.0.3",
        "@tonaljs/pitch-interval": "6.0.0",
        "@tonaljs/pitch-note": "6.0.0"
      }
    },
    "@tonaljs/midi": {
      "version": "4.9.3",
      "resolved": "https://registry.npmjs.org/@tonaljs/midi/-/midi-4.9.3.tgz",
      "integrity": "sha512-sz6XrX6qoYSW3yDpR0K5JhYpsvlzrIJYFfRiOdf4kmnTPAewYyg7f8nLRMl502lBNCt80Bktx4mDHXaL6tWVKw==",
      "requires": {
        "@tonaljs/core": "5.0.0"
      }
    },
    "@tonaljs/pitch": {
      "version": "5.0.2",
      "resolved": "https://registry.npmjs.org/@tonaljs/pitch/-/pitch-5.0.2.tgz",
      "integrity": "sha512-mxaXJPPe+LIJdjzpZEl8I8Wx3dEvlzkBbsr2Ltwc2dTAdnErAZ5R0TxVq2egF27lMvQN2QPQPWI9iDPPdVUmrg=="
    },
    "@tonaljs/pitch-distance": {
      "version": "5.0.3",
      "resolved": "https://registry.npmjs.org/@tonaljs/pitch-distance/-/pitch-distance-5.0.3.tgz",
      "integrity": "sha512-3sgU93gfNsMX1wAYXraYJyIJMIViXZRE1Fh/OXwbUi6lEX/iLRmFVSz37ObnaRaOz0pVm+uUhvW2iKy8QtOWpw==",
      "requires": {
        "@tonaljs/pitch": "5.0.2",
        "@tonaljs/pitch-interval": "6.0.0",
        "@tonaljs/pitch-note": "6.0.0"
      }
    },
    "@tonaljs/pitch-interval": {
      "version": "6.0.0",
      "resolved": "https://registry.npmjs.org/@tonaljs/pitch-interval/-/pitch-interval-6.0.0.tgz",
      "integrity": "sha512-0iaFWbgshYWjfmdxzF8jNmTqsNK2krwn+FqDRZb8vEsfaSNC8Jek0f5wYcE2to+7f0P5jJlJnj8CUGvlfKIT5A==",
      "requires": {
        "@tonaljs/pitch": "5.0.2"
      }
    },
    "@tonaljs/pitch-note": {
      "version": "6.0.0",
      "resolved": "https://registry.npmjs.org/@tonaljs/pitch-note/-/pitch-note-6.0.0.tgz",
      "integrity": "sha512-m4Ei7zwSsKwotVfnodA7m1SR7zD5NNIea+V7Mo35EcK32ZJBg+SvxdwgfNNdLO8bkDbVrZIgVYqeP3R3Jq7VFQ==",
      "requires": {
        "@tonaljs/pitch": "5.0.2"
      }
    },
    "midi-writer-js": {
      "version": "3.1.1",
      "resolved": "https://registry.npmjs.org/midi-writer-js/-/midi-writer-js-3.1.1.tgz",
      "integrity": "sha512-ruRzUWtmcvD7xQcrKRk9fH+1BELv8x07QJxhpM4PS5n6+MOyPb39ifxTV/oI1hHPgKMSuhnhWw2MaGWUAvH9DA==",
      "requires": {
        "@tonaljs/midi": "^4.9.0"
      }
    }
  }
}
